// !$*UTF8*$!
{
	archiveVersion = 1;
	classes = {
	};
	objectVersion = 46;
	objects = {

/* Begin PBXBuildFile section */
		EEC517F31DC2FE9800C77F2D /* main.m in Sources */ = {isa = PBXBuildFile; fileRef = EEC517F21DC2FE9800C77F2D /* main.m */; };
		EEC517F61DC2FE9800C77F2D /* AppDelegate.m in Sources */ = {isa = PBXBuildFile; fileRef = EEC517F51DC2FE9800C77F2D /* AppDelegate.m */; };
		EEC517F91DC2FE9800C77F2D /* ViewController.m in Sources */ = {isa = PBXBuildFile; fileRef = EEC517F81DC2FE9800C77F2D /* ViewController.m */; };
		EEC517FC1DC2FE9800C77F2D /* Main.storyboard in Resources */ = {isa = PBXBuildFile; fileRef = EEC517FA1DC2FE9800C77F2D /* Main.storyboard */; };
		EEC517FE1DC2FE9800C77F2D /* Assets.xcassets in Resources */ = {isa = PBXBuildFile; fileRef = EEC517FD1DC2FE9800C77F2D /* Assets.xcassets */; };
		EEC518011DC2FE9800C77F2D /* LaunchScreen.storyboard in Resources */ = {isa = PBXBuildFile; fileRef = EEC517FF1DC2FE9800C77F2D /* LaunchScreen.storyboard */; };
/* End PBXBuildFile section */

/* Begin PBXFileReference section */
		EEC517EE1DC2FE9800C77F2D /* myFirstTest.app */ = {isa = PBXFileReference; explicitFileType = wrapper.application; includeInIndex = 0; path = myFirstTest.app; sourceTree = BUILT_PRODUCTS_DIR; };
		EEC517F21DC2FE9800C77F2D /* main.m */ = {isa = PBXFileReference; lastKnownFileType = sourcecode.c.objc; path = main.m; sourceTree = "<group>"; };
		EEC517F41DC2FE9800C77F2D /* AppDelegate.h */ = {isa = PBXFileReference; lastKnownFileType = sourcecode.c.h; path = AppDelegate.h; sourceTree = "<group>"; };
		EEC517F51DC2FE9800C77F2D /* AppDelegate.m */ = {isa = PBXFileReference; lastKnownFileType = sourcecode.c.objc; path = AppDelegate.m; sourceTree = "<group>"; };
		EEC517F71DC2FE9800C77F2D /* ViewController.h */ = {isa = PBXFileReference; lastKnownFileType = sourcecode.c.h; path = ViewController.h; sourceTree = "<group>"; };
		EEC517F81DC2FE9800C77F2D /* ViewController.m */ = {isa = PBXFileReference; lastKnownFileType = sourcecode.c.objc; path = ViewController.m; sourceTree = "<group>"; };
		EEC517FB1DC2FE9800C77F2D /* Base */ = {isa = PBXFileReference; lastKnownFileType = file.storyboard; name = Base; path = Base.lproj/Main.storyboard; sourceTree = "<group>"; };
		EEC517FD1DC2FE9800C77F2D /* Assets.xcassets */ = {isa = PBXFileReference; lastKnownFileType = folder.assetcatalog; path = Assets.xcassets; sourceTree = "<group>"; };
		EEC518001DC2FE9800C77F2D /* Base */ = {isa = PBXFileReference; lastKnownFileType = file.storyboard; name = Base; path = Base.lproj/LaunchScreen.storyboard; sourceTree = "<group>"; };
		EEC518021DC2FE9800C77F2D /* Info.plist */ = {isa = PBXFileReference; lastKnownFileType = text.plist.xml; path = Info.plist; sourceTree = "<group>"; };
/* End PBXFileReference section */

/* Begin PBXFrameworksBuildPhase section */
		EEC517EB1DC2FE9800C77F2D /* Frameworks */ = {
			isa = PBXFrameworksBuildPhase;
			buildActionMask = 2147483647;
			files = (
			);
			runOnlyForDeploymentPostprocessing = 0;
		};
/* End PBXFrameworksBuildPhase section */

/* Begin PBXGroup section */
		EEC517E51DC2FE9800C77F2D = {
			isa = PBXGroup;
			children = (
				EEC517F01DC2FE9800C77F2D /* myFirstTest */,
				EEC517EF1DC2FE9800C77F2D /* Products */,
			);
			sourceTree = "<group>";
		};
		EEC517EF1DC2FE9800C77F2D /* Products */ = {
			isa = PBXGroup;
			children = (
				EEC517EE1DC2FE9800C77F2D /* myFirstTest.app */,
			);
			name = Products;
			sourceTree = "<group>";
		};
		EEC517F01DC2FE9800C77F2D /* myFirstTest */ = {
			isa = PBXGroup;
			children = (
				EEC517F41DC2FE9800C77F2D /* AppDelegate.h */,
				EEC517F51DC2FE9800C77F2D /* AppDelegate.m */,
				EEC517F71DC2FE9800C77F2D /* ViewController.h */,
				EEC517F81DC2FE9800C77F2D /* ViewController.m */,
				EEC517FA1DC2FE9800C77F2D /* Main.storyboard */,
				EEC517FD1DC2FE9800C77F2D /* Assets.xcassets */,
				EEC517FF1DC2FE9800C77F2D /* LaunchScreen.storyboard */,
				EEC518021DC2FE9800C77F2D /* Info.plist */,
				EEC517F11DC2FE9800C77F2D /* Supporting Files */,
			);
			path = myFirstTest;
			sourceTree = "<group>";
		};
		EEC517F11DC2FE9800C77F2D /* Supporting Files */ = {
			isa = PBXGroup;
			children = (
				EEC517F21DC2FE9800C77F2D /* main.m */,
			);
			name = "Supporting Files";
			sourceTree = "<group>";
		};
/* End PBXGroup section */

/* Begin PBXNativeTarget section */
		EEC517ED1DC2FE9800C77F2D /* myFirstTest */ = {
			isa = PBXNativeTarget;
			buildConfigurationList = EEC518051DC2FE9800C77F2D /* Build configuration list for PBXNativeTarget "myFirstTest" */;
			buildPhases = (
				EEC517EA1DC2FE9800C77F2D /* Sources */,
				EEC517EB1DC2FE9800C77F2D /* Frameworks */,
				EEC517EC1DC2FE9800C77F2D /* Resources */,
			);
			buildRules = (
			);
			dependencies = (
			);
			name = myFirstTest;
			productName = myFirstTest;
			productReference = EEC517EE1DC2FE9800C77F2D /* myFirstTest.app */;
			productType = "com.apple.product-type.application";
		};
/* End PBXNativeTarget section */

/* Begin PBXProject section */
		EEC517E61DC2FE9800C77F2D /* Project object */ = {
			isa = PBXProject;
			attributes = {
				LastUpgradeCheck = 0800;
				ORGANIZATIONNAME = yingfu;
				TargetAttributes = {
					EEC517ED1DC2FE9800C77F2D = {
						CreatedOnToolsVersion = 8.0;
						ProvisioningStyle = Automatic;
					};
				};
			};
			buildConfigurationList = EEC517E91DC2FE9800C77F2D /* Build configuration list for PBXProject "myFirstTest" */;
			compatibilityVersion = "Xcode 3.2";
			developmentRegion = English;
			hasScannedForEncodings = 0;
			knownRegions = (
				en,
				Base,
			);
			mainGroup = EEC517E51DC2FE9800C77F2D;
			productRefGroup = EEC517EF1DC2FE9800C77F2D /* Products */;
			projectDirPath = "";
			projectRoot = "";
			targets = (
				EEC517ED1DC2FE9800C77F2D /* myFirstTest */,
			);
		};
/* End PBXProject section */

/* Begin PBXResourcesBuildPhase section */
		EEC517EC1DC2FE9800C77F2D /* Resources */ = {
			isa = PBXResourcesBuildPhase;
			buildActionMask = 2147483647;
			files = (
				EEC518011DC2FE9800C77F2D /* LaunchScreen.storyboard in Resources */,
				EEC517FE1DC2FE9800C77F2D /* Assets.xcassets in Resources */,
				EEC517FC1DC2FE9800C77F2D /* Main.storyboard in Resources */,
			);
			runOnlyForDeploymentPostprocessing = 0;
		};
/* End PBXResourcesBuildPhase section */

/* Begin PBXSourcesBuildPhase section */
		EEC517EA1DC2FE9800C77F2D /* Sources */ = {
			isa = PBXSourcesBuildPhase;
			buildActionMask = 2147483647;
			files = (
				EEC517F91DC2FE9800C77F2D /* ViewController.m in Sources */,
				EEC517F61DC2FE9800C77F2D /* AppDelegate.m in Sources */,
				EEC517F31DC2FE9800C77F2D /* main.m in Sources */,
			);
			runOnlyForDeploymentPostprocessing = 0;
		};
/* End PBXSourcesBuildPhase section */

/* Begin PBXVariantGroup section */
		EEC517FA1DC2FE9800C77F2D /* Main.storyboard */ = {
			isa = PBXVariantGroup;
			children = (
				EEC517FB1DC2FE9800C77F2D /* Base */,
			);
			name = Main.storyboard;
			sourceTree = "<group>";
		};
		EEC517FF1DC2FE9800C77F2D /* LaunchScreen.storyboard */ = {
			isa = PBXVariantGroup;
			children = (
				EEC518001DC2FE9800C77F2D /* Base */,
			);
			name = LaunchScreen.storyboard;
			sourceTree = "<group>";
		};
/* End PBXVariantGroup section */

/* Begin XCBuildConfiguration section */
		EEC518031DC2FE9800C77F2D /* Debug */ = {
			isa = XCBuildConfiguration;
			buildSettings = {
				ALWAYS_SEARCH_USER_PATHS = NO;
				CLANG_ANALYZER_NONNULL = YES;
				CLANG_CXX_LANGUAGE_STANDARD = "gnu++0x";
				CLANG_CXX_LIBRARY = "libc++";
				CLANG_ENABLE_MODULES = YES;
				CLANG_ENABLE_OBJC_ARC = YES;
				CLANG_WARN_BOOL_CONVERSION = YES;
				CLANG_WARN_CONSTANT_CONVERSION = YES;
				CLANG_WARN_DIRECT_OBJC_ISA_USAGE = YES_ERROR;
				CLANG_WARN_DOCUMENTATION_COMMENTS = YES;
				CLANG_WARN_EMPTY_BODY = YES;
				CLANG_WARN_ENUM_CONVERSION = YES;
				CLANG_WARN_INFINITE_RECURSION = YES;
				CLANG_WARN_INT_CONVERSION = YES;
				CLANG_WARN_OBJC_ROOT_CLASS = YES_ERROR;
				CLANG_WARN_SUSPICIOUS_MOVES = YES;
				CLANG_WARN_UNREACHABLE_CODE = YES;
				CLANG_WARN__DUPLICATE_METHOD_MATCH = YES;
				"CODE_SIGN_IDENTITY[sdk=iphoneos*]" = "iPhone Developer";
				COPY_PHASE_STRIP = NO;
				DEBUG_INFORMATION_FORMAT = dwarf;
				ENABLE_STRICT_OBJC_MSGSEND = YES;
				ENABLE_TESTABILITY = YES;
				GCC_C_LANGUAGE_STANDARD = gnu99;
				GCC_DYNAMIC_NO_PIC = NO;
				GCC_NO_COMMON_BLOCKS = YES;
				GCC_OPTIMIZATION_LEVEL = 0;
				GCC_PREPROCESSOR_DEFINITIONS = (
					"DEBUG=1",
					"$(inherited)",
				);
				GCC_WARN_64_TO_32_BIT_CONVERSION = YES;
				GCC_WARN_ABOUT_RETURN_TYPE = YES_ERROR;
				GCC_WARN_UNDECLARED_SELECTOR = YES;
				GCC_WARN_UNINITIALIZED_AUTOS = YES_AGGRESSIVE;
				GCC_WARN_UNUSED_FUNCTION = YES;
				GCC_WARN_UNUSED_VARIABLE = YES;
				IPHONEOS_DEPLOYMENT_TARGET = 10.0;
				MTL_ENABLE_DEBUG_INFO = YES;
				ONLY_ACTIVE_ARCH = YES;
				SDKROOT = iphoneos;
			};
			name = Debug;
		};
		EEC518041DC2FE9800C77F2D /* Release */ = {
			isa = XCBuildConfiguration;
			buildSettings = {
				ALWAYS_SEARCH_USER_PATHS = NO;
				CLANG_ANALYZER_NONNULL = YES;
				CLANG_CXX_LANGUAGE_STANDARD = "gnu++0x";
				CLANG_CXX_LIBRARY = "libc++";
				CLANG_ENABLE_MODULES = YES;
				CLANG_ENABLE_OBJC_ARC = YES;
				CLANG_WARN_BOOL_CONVERSION = YES;
				CLANG_WARN_CONSTANT_CONVERSION = YES;
				CLANG_WARN_DIRECT_OBJC_ISA_USAGE = YES_ERROR;
				CLANG_WARN_DOCUMENTATION_COMMENTS = YES;
				CLANG_WARN_EMPTY_BODY = YES;
				CLANG_WARN_ENUM_CONVERSION = YES;
				CLANG_WARN_INFINITE_RECURSION = YES;
				CLANG_WARN_INT_CONVERSION = YES;
				CLANG_WARN_OBJC_ROOT_CLASS = YES_ERROR;
				CLANG_WARN_SUSPICIOUS_MOVES = YES;
				CLANG_WARN_UNREACHABLE_CODE = YES;
				CLANG_WARN__DUPLICATE_METHOD_MATCH = YES;
				"CODE_SIGN_IDENTITY[sdk=iphoneos*]" = "iPhone Developer";
				COPY_PHASE_STRIP = NO;
				DEBUG_INFORMATION_FORMAT = "dwarf-with-dsym";
				ENABLE_NS_ASSERTIONS = NO;
				ENABLE_STRICT_OBJC_MSGSEND = YES;
				GCC_C_LANGUAGE_STANDARD = gnu99;
				GCC_NO_COMMON_BLOCKS = YES;
				GCC_WARN_64_TO_32_BIT_CONVERSION = YES;
				GCC_WARN_ABOUT_RETURN_TYPE = YES_ERROR;
				GCC_WARN_UNDECLARED_SELECTOR = YES;
				GCC_WARN_UNINITIALIZED_AUTOS = YES_AGGRESSIVE;
				GCC_WARN_UNUSED_FUNCTION = YES;
				GCC_WARN_UNUSED_VARIABLE = YES;
				IPHONEOS_DEPLOYMENT_TARGET = 10.0;
				MTL_ENABLE_DEBUG_INFO = NO;
				SDKROOT = iphoneos;
				VALIDATE_PRODUCT = YES;
			};
			name = Release;
		};
		EEC518061DC2FE9800C77F2D /* Debug */ = {
			isa = XCBuildConfiguration;
			buildSettings = {
				ASSETCATALOG_COMPILER_APPICON_NAME = AppIcon;
				INFOPLIST_FILE = myFirstTest/Info.plist;
				LD_RUNPATH_SEARCH_PATHS = "$(inherited) @executable_path/Frameworks";
				PRODUCT_BUNDLE_IDENTIFIER = com.yingfu.myFirstTest;
				PRODUCT_NAME = "$(TARGET_NAME)";
			};
			name = Debug;
		};
		EEC518071DC2FE9800C77F2D /* Release */ = {
			isa = XCBuildConfiguration;
			buildSettings = {
				ASSETCATALOG_COMPILER_APPICON_NAME = AppIcon;
				INFOPLIST_FILE = myFirstTest/Info.plist;
				LD_RUNPATH_SEARCH_PATHS = "$(inherited) @executable_path/Frameworks";
				PRODUCT_BUNDLE_IDENTIFIER = com.yingfu.myFirstTest;
				PRODUCT_NAME = "$(TARGET_NAME)";
			};
			name = Release;
		};
/* End XCBuildConfiguration section */

/* Begin XCConfigurationList section */
		EEC517E91DC2FE9800C77F2D /* Build configuration list for PBXProject "myFirstTest" */ = {
			isa = XCConfigurationList;
			buildConfigurations = (
				EEC518031DC2FE9800C77F2D /* Debug */,
				EEC518041DC2FE9800C77F2D /* Release */,
			);
			defaultConfigurationIsVisible = 0;
			defaultConfigurationName = Release;
		};
		EEC518051DC2FE9800C77F2D /* Build configuration list for PBXNativeTarget "myFirstTest" */ = {
			isa = XCConfigurationList;
			buildConfigurations = (
				EEC518061DC2FE9800C77F2D /* Debug */,
				EEC518071DC2FE9800C77F2D /* Release */,
			);
			defaultConfigurationIsVisible = 0;
		};
/* End XCConfigurationList section */
	};
	rootObject = EEC517E61DC2FE9800C77F2D /* Project object */;
}
